
Microsoft Visual Studio Solution File, Format Version 12.00
# Visual Studio Version 17
VisualStudioVersion = 17.6.33815.320
MinimumVisualStudioVersion = 10.0.40219.1
Project("{FAE04EC0-301F-11D3-BF4B-00C04F79EFBC}") = "Module2_Exercise4", "Module2_Exercise4\Module2_Exercise4.csproj", "{D1276E76-C1B6-4A84-8718-4DE52E2E76E8}"
EndProject
Global
	GlobalSection(SolutionConfigurationPlatforms) = preSolution
		Debug|Any CPU = Debug|Any CPU
		Release|Any CPU = Release|Any CPU
	EndGlobalSection
	GlobalSection(ProjectConfigurationPlatforms) = postSolution
		{D1276E76-C1B6-4A84-8718-4DE52E2E76E8}.Debug|Any CPU.ActiveCfg = Debug|Any CPU
		{D1276E76-C1B6-4A84-8718-4DE52E2E76E8}.Debug|Any CPU.Build.0 = Debug|Any CPU
		{D1276E76-C1B6-4A84-8718-4DE52E2E76E8}.Release|Any CPU.ActiveCfg = Release|Any CPU
		{D1276E76-C1B6-4A84-8718-4DE52E2E76E8}.Release|Any CPU.Build.0 = Release|Any CPU
	EndGlobalSection
	GlobalSection(SolutionProperties) = preSolution
		HideSolutionNode = FALSE
	EndGlobalSection
	GlobalSection(ExtensibilityGlobals) = postSolution
		SolutionGuid = {D9A6F803-70E1-466A-B805-3B7955E8B621}
	EndGlobalSection
EndGlobal
